<?xml version="1.0" encoding="utf-8"?>
<Project ToolsVersion="4.0" xmlns="http://schemas.microsoft.com/developer/msbuild/2003">
  <ItemGroup>
    <Filter Include="Source Files">
      <UniqueIdentifier>{4FC737F1-C7A5-4376-A066-2A32D752A2FF}</UniqueIdentifier>
      <Extensions>cpp;c;cc;cxx;c++;cppm;ixx;def;odl;idl;hpj;bat;asm;asmx</Extensions>
    </Filter>
    <Filter Include="Header Files">
      <UniqueIdentifier>{93995380-89BD-4b04-88EB-625FBE52EBFB}</UniqueIdentifier>
      <Extensions>h;hh;hpp;hxx;h++;hm;inl;inc;ipp;xsd</Extensions>
    </Filter>
    <Filter Include="Resource Files">
      <UniqueIdentifier>{67DA6AB6-F800-4c08-8B7A-83BB121AAD01}</UniqueIdentifier>
      <Extensions>rc;ico;cur;bmp;dlg;rc2;rct;bin;rgs;gif;jpg;jpeg;jpe;resx;tiff;tif;png;wav;mfcribbon-ms</Extensions>
    </Filter>
    <Filter Include="Source Files\Bullets">
      <UniqueIdentifier>{d8fadcda-c39a-402e-a97a-4e88cb9f262f}</UniqueIdentifier>
    </Filter>
    <Filter Include="Source Files\Enemies">
      <UniqueIdentifier>{56f66498-0606-4c6b-a480-805c7827ee23}</UniqueIdentifier>
    </Filter>
    <Filter Include="Source Files\HUD">
      <UniqueIdentifier>{72ccbeb1-72b5-4562-93b2-a5d765e0bb5b}</UniqueIdentifier>
    </Filter>
    <Filter Include="Source Files\Bosses">
      <UniqueIdentifier>{c3712cd6-ca50-4ffb-ad67-27032f5fbc1e}</UniqueIdentifier>
    </Filter>
    <Filter Include="Source Files\Player">
      <UniqueIdentifier>{c2264c3c-5a6c-4788-81e1-b38ebce93e74}</UniqueIdentifier>
    </Filter>
    <Filter Include="Source Files\Objects">
      <UniqueIdentifier>{523b6fd6-2122-4e8d-b5c2-ad9ee63e4f00}</UniqueIdentifier>
    </Filter>
    <Filter Include="Source Files\Game">
      <UniqueIdentifier>{7bb76b41-b837-4a81-abbd-fdf89c25a964}</UniqueIdentifier>
    </Filter>
    <Filter Include="Source Files\Camera">
      <UniqueIdentifier>{4931494e-c5d9-4279-8738-889e3a2f184d}</UniqueIdentifier>
    </Filter>
    <Filter Include="Source Files\Level">
      <UniqueIdentifier>{1805c0c4-155c-47ea-8a25-ff028e291485}</UniqueIdentifier>
    </Filter>
    <Filter Include="Source Files\PowerUp">
      <UniqueIdentifier>{86644615-a62a-4979-8871-80bf4b5e156e}</UniqueIdentifier>
    </Filter>
    <Filter Include="Source Files\Particles">
      <UniqueIdentifier>{c7f6cf67-2a6e-41d4-8b81-46f2f79741d9}</UniqueIdentifier>
    </Filter>
    <Filter Include="Source Files\Actor">
      <UniqueIdentifier>{45dc1b8f-e87e-4def-a354-21b3f5eeed20}</UniqueIdentifier>
    </Filter>
    <Filter Include="Source Files\Menu">
      <UniqueIdentifier>{bb37a930-d1c8-4f3d-bb28-0de7ae123169}</UniqueIdentifier>
    </Filter>
    <Filter Include="Source Files\IntroScene">
      <UniqueIdentifier>{d09267a5-23f9-43e7-ba03-9cf01481b214}</UniqueIdentifier>
    </Filter>
    <Filter Include="Source Files\Transition">
      <UniqueIdentifier>{16f3ab8a-4239-43d2-9912-76f4cd613c4f}</UniqueIdentifier>
    </Filter>
    <Filter Include="Source Files\TextFileRead&amp;Write">
      <UniqueIdentifier>{4234a4f4-7368-4041-90da-4fbb988b1495}</UniqueIdentifier>
    </Filter>
    <Filter Include="Source Files\Sprite">
      <UniqueIdentifier>{445514f3-b6f3-4947-addc-b8519bcf9785}</UniqueIdentifier>
    </Filter>
    <Filter Include="Source Files\PopUp">
      <UniqueIdentifier>{304a43f5-cb29-41fa-bcf6-f56f3ddee9e2}</UniqueIdentifier>
    </Filter>
    <Filter Include="Source Files\Resources">
      <UniqueIdentifier>{36bd2b6d-25e0-4ab9-9b39-def978ba0e37}</UniqueIdentifier>
    </Filter>
    <Filter Include="Source Files\UI">
      <UniqueIdentifier>{4cc19e5f-bc0b-4cf6-9ba0-f79618b15c38}</UniqueIdentifier>
    </Filter>
    <Filter Include="Source Files\FolderReader">
      <UniqueIdentifier>{9b63aafb-69b2-4d96-b395-54553c3a97e5}</UniqueIdentifier>
    </Filter>
    <Filter Include="Source Files\StoryManager">
      <UniqueIdentifier>{bb7e952d-6f05-492b-9e28-7fbb312534a3}</UniqueIdentifier>
    </Filter>
  </ItemGroup>
  <ItemGroup>
    <ClCompile Include="main.cpp">
      <Filter>Header Files</Filter>
    </ClCompile>
    <ClCompile Include="Matrix2x3.cpp">
      <Filter>Header Files</Filter>
    </ClCompile>
    <ClCompile Include="pch.cpp">
      <Filter>Header Files</Filter>
    </ClCompile>
    <ClCompile Include="SoundEffect.cpp">
      <Filter>Header Files</Filter>
    </ClCompile>
    <ClCompile Include="SoundStream.cpp">
      <Filter>Header Files</Filter>
    </ClCompile>
    <ClCompile Include="structs.cpp">
      <Filter>Header Files</Filter>
    </ClCompile>
    <ClCompile Include="SVGParser.cpp">
      <Filter>Header Files</Filter>
    </ClCompile>
    <ClCompile Include="Texture.cpp">
      <Filter>Header Files</Filter>
    </ClCompile>
    <ClCompile Include="utils.cpp">
      <Filter>Header Files</Filter>
    </ClCompile>
    <ClCompile Include="Vector2f.cpp">
      <Filter>Header Files</Filter>
    </ClCompile>
    <ClCompile Include="Core.cpp">
      <Filter>Header Files</Filter>
    </ClCompile>
    <ClCompile Include="YellowBullets.cpp">
      <Filter>Source Files\Bullets</Filter>
    </ClCompile>
    <ClCompile Include="SingleBomb.cpp">
      <Filter>Source Files\Bullets</Filter>
    </ClCompile>
    <ClCompile Include="BlueBullets.cpp">
      <Filter>Source Files\Bullets</Filter>
    </ClCompile>
    <ClCompile Include="BigBomb.cpp">
      <Filter>Source Files\Bullets</Filter>
    </ClCompile>
    <ClCompile Include="EnemyAssaultTrooper.cpp">
      <Filter>Source Files\Enemies</Filter>
    </ClCompile>
    <ClCompile Include="Enemy.cpp">
      <Filter>Source Files\Enemies</Filter>
    </ClCompile>
    <ClCompile Include="Bullet.cpp">
      <Filter>Source Files\Bullets</Filter>
    </ClCompile>
    <ClCompile Include="BulletManager.cpp">
      <Filter>Source Files\Bullets</Filter>
    </ClCompile>
    <ClCompile Include="ArcadeMachine.cpp">
      <Filter>Source Files\HUD</Filter>
    </ClCompile>
    <ClCompile Include="BossClass.cpp">
      <Filter>Source Files\Bosses</Filter>
    </ClCompile>
    <ClCompile Include="JetBoss.cpp">
      <Filter>Source Files\Bosses</Filter>
    </ClCompile>
    <ClCompile Include="JetBullets.cpp">
      <Filter>Source Files\Bullets</Filter>
    </ClCompile>
    <ClCompile Include="Player.cpp">
      <Filter>Source Files\Player</Filter>
    </ClCompile>
    <ClCompile Include="Object.cpp">
      <Filter>Source Files\Objects</Filter>
    </ClCompile>
    <ClCompile Include="Game.cpp">
      <Filter>Source Files\Game</Filter>
    </ClCompile>
    <ClCompile Include="Camera.cpp">
      <Filter>Source Files\Camera</Filter>
    </ClCompile>
    <ClCompile Include="Level.cpp">
      <Filter>Source Files\Level</Filter>
    </ClCompile>
    <ClCompile Include="PowerUp.cpp">
      <Filter>Source Files\PowerUp</Filter>
    </ClCompile>
    <ClCompile Include="Timer.cpp">
      <Filter>Header Files</Filter>
    </ClCompile>
    <ClCompile Include="Particle.cpp">
      <Filter>Source Files\Particles</Filter>
    </ClCompile>
    <ClCompile Include="ParticleSystem.cpp">
      <Filter>Source Files\Particles</Filter>
    </ClCompile>
    <ClCompile Include="ExplosionParticle.cpp">
      <Filter>Source Files\Particles</Filter>
    </ClCompile>
    <ClCompile Include="Actor.cpp">
      <Filter>Source Files\Actor</Filter>
    </ClCompile>
    <ClCompile Include="HUD.cpp">
      <Filter>Source Files\HUD</Filter>
    </ClCompile>
    <ClCompile Include="Menu.cpp">
      <Filter>Source Files\Menu</Filter>
    </ClCompile>
    <ClCompile Include="MenuManager.cpp">
      <Filter>Source Files\Menu</Filter>
    </ClCompile>
    <ClCompile Include="IntroScene.cpp">
      <Filter>Source Files\IntroScene</Filter>
    </ClCompile>
    <ClCompile Include="IntroSceneManager.cpp">
      <Filter>Source Files\IntroScene</Filter>
    </ClCompile>
    <ClCompile Include="Transition.cpp">
      <Filter>Source Files\Transition</Filter>
    </ClCompile>
    <ClCompile Include="Button.cpp">
      <Filter>Source Files\UI</Filter>
    </ClCompile>
    <ClCompile Include="MouseButton.cpp">
      <Filter>Source Files\UI</Filter>
    </ClCompile>
    <ClCompile Include="FileReader.cpp">
      <Filter>Source Files\TextFileRead&amp;Write</Filter>
    </ClCompile>
    <ClCompile Include="FileWriter.cpp">
      <Filter>Source Files\TextFileRead&amp;Write</Filter>
    </ClCompile>
    <ClCompile Include="LevelEditor.cpp">
      <Filter>Source Files\Level</Filter>
    </ClCompile>
    <ClCompile Include="SaveFile.cpp">
      <Filter>Source Files\TextFileRead&amp;Write</Filter>
    </ClCompile>
    <ClCompile Include="LevelSelector.cpp">
      <Filter>Source Files\Level</Filter>
    </ClCompile>
    <ClCompile Include="SpriteManager.cpp">
      <Filter>Source Files\Sprite</Filter>
    </ClCompile>
    <ClCompile Include="Sprite.cpp">
      <Filter>Source Files\Sprite</Filter>
    </ClCompile>
    <ClCompile Include="PopUp.cpp">
      <Filter>Source Files\PopUp</Filter>
    </ClCompile>
    <ClCompile Include="ResourceLoader.cpp">
      <Filter>Source Files\Resources</Filter>
    </ClCompile>
    <ClCompile Include="ResourceManager.cpp">
      <Filter>Source Files\Resources</Filter>
    </ClCompile>
    <ClCompile Include="SoundManager.cpp">
      <Filter>Source Files\Resources</Filter>
    </ClCompile>
    <ClCompile Include="OptionMenu.cpp">
      <Filter>Source Files\Menu</Filter>
    </ClCompile>
    <ClCompile Include="OptionSelector.cpp">
      <Filter>Source Files\UI</Filter>
    </ClCompile>
    <ClCompile Include="ScrollBox.cpp">
      <Filter>Source Files\UI</Filter>
    </ClCompile>
    <ClCompile Include="ReadFolder.cpp">
      <Filter>Source Files\FolderReader</Filter>
    </ClCompile>
    <ClCompile Include="PauseMenu.cpp">
      <Filter>Source Files\Menu</Filter>
    </ClCompile>
    <ClCompile Include="StoryManager.cpp">
      <Filter>Source Files\StoryManager</Filter>
    </ClCompile>
    <ClCompile Include="EnemySpawner.cpp">
      <Filter>Source Files\Enemies</Filter>
    </ClCompile>
    <ClCompile Include="Debugger.cpp">
      <Filter>Source Files\Resources</Filter>
    </ClCompile>
  </ItemGroup>
  <ItemGroup>
    <ClInclude Include="pch.h">
      <Filter>Header Files</Filter>
    </ClInclude>
    <ClInclude Include="Core.h">
      <Filter>Header Files</Filter>
    </ClInclude>
    <ClInclude Include="Matrix2x3.h">
      <Filter>Header Files</Filter>
    </ClInclude>
    <ClInclude Include="SoundEffect.h">
      <Filter>Header Files</Filter>
    </ClInclude>
    <ClInclude Include="SoundStream.h">
      <Filter>Header Files</Filter>
    </ClInclude>
    <ClInclude Include="structs.h">
      <Filter>Header Files</Filter>
    </ClInclude>
    <ClInclude Include="SVGParser.h">
      <Filter>Header Files</Filter>
    </ClInclude>
    <ClInclude Include="Texture.h">
      <Filter>Header Files</Filter>
    </ClInclude>
    <ClInclude Include="utils.h">
      <Filter>Header Files</Filter>
    </ClInclude>
    <ClInclude Include="Vector2f.h">
      <Filter>Header Files</Filter>
    </ClInclude>
    <ClInclude Include="YellowBullets.h">
      <Filter>Source Files\Bullets</Filter>
    </ClInclude>
    <ClInclude Include="SingleBomb.h">
      <Filter>Source Files\Bullets</Filter>
    </ClInclude>
    <ClInclude Include="BlueBullets.h">
      <Filter>Source Files\Bullets</Filter>
    </ClInclude>
    <ClInclude Include="BigBomb.h">
      <Filter>Source Files\Bullets</Filter>
    </ClInclude>
    <ClInclude Include="EnemyAssaultTrooper.h">
      <Filter>Source Files\Enemies</Filter>
    </ClInclude>
    <ClInclude Include="Enemy.h">
      <Filter>Source Files\Enemies</Filter>
    </ClInclude>
    <ClInclude Include="Bullet.h">
      <Filter>Source Files\Bullets</Filter>
    </ClInclude>
    <ClInclude Include="BulletManager.h">
      <Filter>Source Files\Bullets</Filter>
    </ClInclude>
    <ClInclude Include="ArcadeMachine.h">
      <Filter>Source Files\HUD</Filter>
    </ClInclude>
    <ClInclude Include="BossClass.h">
      <Filter>Source Files\Bosses</Filter>
    </ClInclude>
    <ClInclude Include="JetBoss.h">
      <Filter>Source Files\Bosses</Filter>
    </ClInclude>
    <ClInclude Include="JetBullets.h">
      <Filter>Source Files\Bullets</Filter>
    </ClInclude>
    <ClInclude Include="Player.h">
      <Filter>Source Files\Player</Filter>
    </ClInclude>
    <ClInclude Include="Object.h">
      <Filter>Source Files\Objects</Filter>
    </ClInclude>
    <ClInclude Include="Game.h">
      <Filter>Source Files\Game</Filter>
    </ClInclude>
    <ClInclude Include="Camera.h">
      <Filter>Source Files\Camera</Filter>
    </ClInclude>
    <ClInclude Include="Level.h">
      <Filter>Source Files\Level</Filter>
    </ClInclude>
    <ClInclude Include="PowerUp.h">
      <Filter>Source Files\PowerUp</Filter>
    </ClInclude>
    <ClInclude Include="Timer.h">
      <Filter>Header Files</Filter>
    </ClInclude>
    <ClInclude Include="Particle.h">
      <Filter>Source Files\Particles</Filter>
    </ClInclude>
    <ClInclude Include="ParticleSystem.h">
      <Filter>Source Files\Particles</Filter>
    </ClInclude>
    <ClInclude Include="ExplosionParticle.h">
      <Filter>Source Files\Particles</Filter>
    </ClInclude>
    <ClInclude Include="Actor.h">
      <Filter>Source Files\Actor</Filter>
    </ClInclude>
    <ClInclude Include="HUD.h">
      <Filter>Source Files\HUD</Filter>
    </ClInclude>
    <ClInclude Include="Menu.h">
      <Filter>Source Files\Menu</Filter>
    </ClInclude>
    <ClInclude Include="MenuManager.h">
      <Filter>Source Files\Menu</Filter>
    </ClInclude>
    <ClInclude Include="IntroScene.h">
      <Filter>Source Files\IntroScene</Filter>
    </ClInclude>
    <ClInclude Include="IntroSceneManager.h">
      <Filter>Source Files\IntroScene</Filter>
    </ClInclude>
    <ClInclude Include="Transition.h">
      <Filter>Source Files\Transition</Filter>
    </ClInclude>
    <ClInclude Include="Button.h">
      <Filter>Source Files\UI</Filter>
    </ClInclude>
    <ClInclude Include="MouseButton.h">
      <Filter>Source Files\UI</Filter>
    </ClInclude>
    <ClInclude Include="FileReader.h">
      <Filter>Source Files\TextFileRead&amp;Write</Filter>
    </ClInclude>
    <ClInclude Include="FileWriter.h">
      <Filter>Source Files\TextFileRead&amp;Write</Filter>
    </ClInclude>
    <ClInclude Include="LevelEditor.h">
      <Filter>Source Files\Level</Filter>
    </ClInclude>
    <ClInclude Include="SaveFile.h">
      <Filter>Source Files\TextFileRead&amp;Write</Filter>
    </ClInclude>
    <ClInclude Include="LevelSelector.h">
      <Filter>Source Files\Level</Filter>
    </ClInclude>
    <ClInclude Include="SpriteManager.h">
      <Filter>Source Files\Sprite</Filter>
    </ClInclude>
    <ClInclude Include="Sprite.h">
      <Filter>Source Files\Sprite</Filter>
    </ClInclude>
    <ClInclude Include="PopUp.h">
      <Filter>Source Files\PopUp</Filter>
    </ClInclude>
    <ClInclude Include="ResourceLoader.h">
      <Filter>Source Files\Resources</Filter>
    </ClInclude>
    <ClInclude Include="ResourceManager.h">
      <Filter>Source Files\Resources</Filter>
    </ClInclude>
    <ClInclude Include="SoundManager.h">
      <Filter>Source Files\Resources</Filter>
    </ClInclude>
    <ClInclude Include="OptionMenu.h">
      <Filter>Source Files\Menu</Filter>
    </ClInclude>
    <ClInclude Include="OptionSelector.h">
      <Filter>Source Files\UI</Filter>
    </ClInclude>
    <ClInclude Include="ScrollBox.h">
      <Filter>Source Files\UI</Filter>
    </ClInclude>
    <ClInclude Include="ReadFolder.h">
      <Filter>Source Files\FolderReader</Filter>
    </ClInclude>
    <ClInclude Include="PauseMenu.h">
      <Filter>Source Files\Menu</Filter>
    </ClInclude>
    <ClInclude Include="StoryManager.h">
      <Filter>Source Files\StoryManager</Filter>
    </ClInclude>
    <ClInclude Include="EnemySpawner.h">
      <Filter>Source Files\Enemies</Filter>
    </ClInclude>
    <ClInclude Include="Debugger.h">
      <Filter>Source Files\Resources</Filter>
    </ClInclude>
  </ItemGroup>
</Project>